
Microsoft Visual Studio Solution File, Format Version 12.00
# Visual Studio Version 17
VisualStudioVersion = 17.5.33530.505
MinimumVisualStudioVersion = 10.0.40219.1
Project("{8BC9CEB8-8B4A-11D0-8D11-00A0C91BC942}") = "OpticalDesign", "Include\OpticalDesign\OpticalDesign.vcxproj", "{9C0C4954-3FFE-4966-982D-5493D74A54CC}"
	ProjectSection(ProjectDependencies) = postProject
		{CC22C063-EFB7-49C2-ADB2-104A7306C510} = {CC22C063-EFB7-49C2-ADB2-104A7306C510}
	EndProjectSection
EndProject
Project("{8BC9CEB8-8B4A-11D0-8D11-00A0C91BC942}") = "GyroscopeSDK", "Include\GyroscopeSDK\GyroscopeSDK.vcxproj", "{CC22C063-EFB7-49C2-ADB2-104A7306C510}"
EndProject
Project("{8BC9CEB8-8B4A-11D0-8D11-00A0C91BC942}") = "Box2DUI", "Include\Box2DUI\Box2DUI.vcxproj", "{80A6094C-6450-488E-B837-887FFA25E251}"
EndProject
Project("{8BC9CEB8-8B4A-11D0-8D11-00A0C91BC942}") = "ESP32", "Include\ESP32\ESP32.vcxproj", "{A57C1E89-281D-494A-881D-F3F7041F2FED}"
EndProject
Project("{8BC9CEB8-8B4A-11D0-8D11-00A0C91BC942}") = "GyroSDKTest", "Include\GyroSDKTest\GyroSDKTest.vcxproj", "{6DA732A6-3D76-4A51-A864-B0F703A7920D}"
	ProjectSection(ProjectDependencies) = postProject
		{CC22C063-EFB7-49C2-ADB2-104A7306C510} = {CC22C063-EFB7-49C2-ADB2-104A7306C510}
	EndProjectSection
EndProject
Project("{8BC9CEB8-8B4A-11D0-8D11-00A0C91BC942}") = "NSL", "Include\NSL\NSL.vcxproj", "{EE92BB02-E026-4AA1-B692-40663FFC175F}"
EndProject
Project("{8BC9CEB8-8B4A-11D0-8D11-00A0C91BC942}") = "UnitTest", "UnitTest\UnitTest.vcxproj", "{2AD6AC93-FFC6-4FB9-9E3F-DBB94407EEEC}"
EndProject
Project("{8BC9CEB8-8B4A-11D0-8D11-00A0C91BC942}") = "BuildContexA7", "BuildContexA7\BuildContexA7.vcxproj", "{ECD8697C-5B27-4D76-BFE2-7B1B58BDD9A5}"
EndProject
Project("{8BC9CEB8-8B4A-11D0-8D11-00A0C91BC942}") = "Driver", "Drivers\Driver.vcxproj", "{8A6E62A1-E44A-44F3-8463-6C02FD085812}"
EndProject
Project("{8BC9CEB8-8B4A-11D0-8D11-00A0C91BC942}") = "BuildDriver", "Drivers\BuildDriver.vcxproj", "{5B64E98C-5880-4C55-B6B6-37748D08C4B6}"
EndProject
Global
	GlobalSection(SolutionConfigurationPlatforms) = preSolution
		Debug|ARM = Debug|ARM
		Debug|ARM64 = Debug|ARM64
		Debug|x64 = Debug|x64
		Debug|x86 = Debug|x86
		MinSizeRel|ARM = MinSizeRel|ARM
		MinSizeRel|ARM64 = MinSizeRel|ARM64
		MinSizeRel|x64 = MinSizeRel|x64
		MinSizeRel|x86 = MinSizeRel|x86
		Release|ARM = Release|ARM
		Release|ARM64 = Release|ARM64
		Release|x64 = Release|x64
		Release|x86 = Release|x86
		RelWithDebInfo|ARM = RelWithDebInfo|ARM
		RelWithDebInfo|ARM64 = RelWithDebInfo|ARM64
		RelWithDebInfo|x64 = RelWithDebInfo|x64
		RelWithDebInfo|x86 = RelWithDebInfo|x86
	EndGlobalSection
	GlobalSection(ProjectConfigurationPlatforms) = postSolution
		{9C0C4954-3FFE-4966-982D-5493D74A54CC}.Debug|ARM.ActiveCfg = Debug|x64
		{9C0C4954-3FFE-4966-982D-5493D74A54CC}.Debug|ARM.Build.0 = Debug|x64
		{9C0C4954-3FFE-4966-982D-5493D74A54CC}.Debug|ARM64.ActiveCfg = Debug|x64
		{9C0C4954-3FFE-4966-982D-5493D74A54CC}.Debug|ARM64.Build.0 = Debug|x64
		{9C0C4954-3FFE-4966-982D-5493D74A54CC}.Debug|x64.ActiveCfg = Debug|x64
		{9C0C4954-3FFE-4966-982D-5493D74A54CC}.Debug|x64.Build.0 = Debug|x64
		{9C0C4954-3FFE-4966-982D-5493D74A54CC}.Debug|x86.ActiveCfg = Debug|Win32
		{9C0C4954-3FFE-4966-982D-5493D74A54CC}.Debug|x86.Build.0 = Debug|Win32
		{9C0C4954-3FFE-4966-982D-5493D74A54CC}.MinSizeRel|ARM.ActiveCfg = Release|x64
		{9C0C4954-3FFE-4966-982D-5493D74A54CC}.MinSizeRel|ARM.Build.0 = Release|x64
		{9C0C4954-3FFE-4966-982D-5493D74A54CC}.MinSizeRel|ARM64.ActiveCfg = Release|x64
		{9C0C4954-3FFE-4966-982D-5493D74A54CC}.MinSizeRel|ARM64.Build.0 = Release|x64
		{9C0C4954-3FFE-4966-982D-5493D74A54CC}.MinSizeRel|x64.ActiveCfg = Release|x64
		{9C0C4954-3FFE-4966-982D-5493D74A54CC}.MinSizeRel|x64.Build.0 = Release|x64
		{9C0C4954-3FFE-4966-982D-5493D74A54CC}.MinSizeRel|x86.ActiveCfg = Release|Win32
		{9C0C4954-3FFE-4966-982D-5493D74A54CC}.MinSizeRel|x86.Build.0 = Release|Win32
		{9C0C4954-3FFE-4966-982D-5493D74A54CC}.Release|ARM.ActiveCfg = Release|x64
		{9C0C4954-3FFE-4966-982D-5493D74A54CC}.Release|ARM.Build.0 = Release|x64
		{9C0C4954-3FFE-4966-982D-5493D74A54CC}.Release|ARM64.ActiveCfg = Release|x64
		{9C0C4954-3FFE-4966-982D-5493D74A54CC}.Release|ARM64.Build.0 = Release|x64
		{9C0C4954-3FFE-4966-982D-5493D74A54CC}.Release|x64.ActiveCfg = Release|x64
		{9C0C4954-3FFE-4966-982D-5493D74A54CC}.Release|x64.Build.0 = Release|x64
		{9C0C4954-3FFE-4966-982D-5493D74A54CC}.Release|x86.ActiveCfg = Release|Win32
		{9C0C4954-3FFE-4966-982D-5493D74A54CC}.Release|x86.Build.0 = Release|Win32
		{9C0C4954-3FFE-4966-982D-5493D74A54CC}.RelWithDebInfo|ARM.ActiveCfg = Release|x64
		{9C0C4954-3FFE-4966-982D-5493D74A54CC}.RelWithDebInfo|ARM.Build.0 = Release|x64
		{9C0C4954-3FFE-4966-982D-5493D74A54CC}.RelWithDebInfo|ARM64.ActiveCfg = Release|x64
		{9C0C4954-3FFE-4966-982D-5493D74A54CC}.RelWithDebInfo|ARM64.Build.0 = Release|x64
		{9C0C4954-3FFE-4966-982D-5493D74A54CC}.RelWithDebInfo|x64.ActiveCfg = Release|x64
		{9C0C4954-3FFE-4966-982D-5493D74A54CC}.RelWithDebInfo|x64.Build.0 = Release|x64
		{9C0C4954-3FFE-4966-982D-5493D74A54CC}.RelWithDebInfo|x86.ActiveCfg = Release|Win32
		{9C0C4954-3FFE-4966-982D-5493D74A54CC}.RelWithDebInfo|x86.Build.0 = Release|Win32
		{CC22C063-EFB7-49C2-ADB2-104A7306C510}.Debug|ARM.ActiveCfg = Debug|x64
		{CC22C063-EFB7-49C2-ADB2-104A7306C510}.Debug|ARM.Build.0 = Debug|x64
		{CC22C063-EFB7-49C2-ADB2-104A7306C510}.Debug|ARM64.ActiveCfg = Debug|x64
		{CC22C063-EFB7-49C2-ADB2-104A7306C510}.Debug|ARM64.Build.0 = Debug|x64
		{CC22C063-EFB7-49C2-ADB2-104A7306C510}.Debug|x64.ActiveCfg = Debug|x64
		{CC22C063-EFB7-49C2-ADB2-104A7306C510}.Debug|x64.Build.0 = Debug|x64
		{CC22C063-EFB7-49C2-ADB2-104A7306C510}.Debug|x86.ActiveCfg = Debug|Win32
		{CC22C063-EFB7-49C2-ADB2-104A7306C510}.Debug|x86.Build.0 = Debug|Win32
		{CC22C063-EFB7-49C2-ADB2-104A7306C510}.MinSizeRel|ARM.ActiveCfg = Release|x64
		{CC22C063-EFB7-49C2-ADB2-104A7306C510}.MinSizeRel|ARM.Build.0 = Release|x64
		{CC22C063-EFB7-49C2-ADB2-104A7306C510}.MinSizeRel|ARM64.ActiveCfg = Release|x64
		{CC22C063-EFB7-49C2-ADB2-104A7306C510}.MinSizeRel|ARM64.Build.0 = Release|x64
		{CC22C063-EFB7-49C2-ADB2-104A7306C510}.MinSizeRel|x64.ActiveCfg = Debug|x64
		{CC22C063-EFB7-49C2-ADB2-104A7306C510}.MinSizeRel|x64.Build.0 = Debug|x64
		{CC22C063-EFB7-49C2-ADB2-104A7306C510}.MinSizeRel|x86.ActiveCfg = Debug|Win32
		{CC22C063-EFB7-49C2-ADB2-104A7306C510}.MinSizeRel|x86.Build.0 = Debug|Win32
		{CC22C063-EFB7-49C2-ADB2-104A7306C510}.Release|ARM.ActiveCfg = Release|x64
		{CC22C063-EFB7-49C2-ADB2-104A7306C510}.Release|ARM.Build.0 = Release|x64
		{CC22C063-EFB7-49C2-ADB2-104A7306C510}.Release|ARM64.ActiveCfg = Release|x64
		{CC22C063-EFB7-49C2-ADB2-104A7306C510}.Release|ARM64.Build.0 = Release|x64
		{CC22C063-EFB7-49C2-ADB2-104A7306C510}.Release|x64.ActiveCfg = Release|x64
		{CC22C063-EFB7-49C2-ADB2-104A7306C510}.Release|x64.Build.0 = Release|x64
		{CC22C063-EFB7-49C2-ADB2-104A7306C510}.Release|x86.ActiveCfg = Release|Win32
		{CC22C063-EFB7-49C2-ADB2-104A7306C510}.Release|x86.Build.0 = Release|Win32
		{CC22C063-EFB7-49C2-ADB2-104A7306C510}.RelWithDebInfo|ARM.ActiveCfg = Release|x64
		{CC22C063-EFB7-49C2-ADB2-104A7306C510}.RelWithDebInfo|ARM.Build.0 = Release|x64
		{CC22C063-EFB7-49C2-ADB2-104A7306C510}.RelWithDebInfo|ARM64.ActiveCfg = Release|x64
		{CC22C063-EFB7-49C2-ADB2-104A7306C510}.RelWithDebInfo|ARM64.Build.0 = Release|x64
		{CC22C063-EFB7-49C2-ADB2-104A7306C510}.RelWithDebInfo|x64.ActiveCfg = Release|x64
		{CC22C063-EFB7-49C2-ADB2-104A7306C510}.RelWithDebInfo|x64.Build.0 = Release|x64
		{CC22C063-EFB7-49C2-ADB2-104A7306C510}.RelWithDebInfo|x86.ActiveCfg = Release|Win32
		{CC22C063-EFB7-49C2-ADB2-104A7306C510}.RelWithDebInfo|x86.Build.0 = Release|Win32
		{80A6094C-6450-488E-B837-887FFA25E251}.Debug|ARM.ActiveCfg = Debug|x64
		{80A6094C-6450-488E-B837-887FFA25E251}.Debug|ARM.Build.0 = Debug|x64
		{80A6094C-6450-488E-B837-887FFA25E251}.Debug|ARM64.ActiveCfg = Debug|x64
		{80A6094C-6450-488E-B837-887FFA25E251}.Debug|ARM64.Build.0 = Debug|x64
		{80A6094C-6450-488E-B837-887FFA25E251}.Debug|x64.ActiveCfg = Debug|x64
		{80A6094C-6450-488E-B837-887FFA25E251}.Debug|x64.Build.0 = Debug|x64
		{80A6094C-6450-488E-B837-887FFA25E251}.Debug|x86.ActiveCfg = Debug|Win32
		{80A6094C-6450-488E-B837-887FFA25E251}.Debug|x86.Build.0 = Debug|Win32
		{80A6094C-6450-488E-B837-887FFA25E251}.MinSizeRel|ARM.ActiveCfg = Release|x64
		{80A6094C-6450-488E-B837-887FFA25E251}.MinSizeRel|ARM.Build.0 = Release|x64
		{80A6094C-6450-488E-B837-887FFA25E251}.MinSizeRel|ARM64.ActiveCfg = Release|x64
		{80A6094C-6450-488E-B837-887FFA25E251}.MinSizeRel|ARM64.Build.0 = Release|x64
		{80A6094C-6450-488E-B837-887FFA25E251}.MinSizeRel|x64.ActiveCfg = Debug|x64
		{80A6094C-6450-488E-B837-887FFA25E251}.MinSizeRel|x64.Build.0 = Debug|x64
		{80A6094C-6450-488E-B837-887FFA25E251}.MinSizeRel|x86.ActiveCfg = Debug|Win32
		{80A6094C-6450-488E-B837-887FFA25E251}.MinSizeRel|x86.Build.0 = Debug|Win32
		{80A6094C-6450-488E-B837-887FFA25E251}.Release|ARM.ActiveCfg = Release|x64
		{80A6094C-6450-488E-B837-887FFA25E251}.Release|ARM.Build.0 = Release|x64
		{80A6094C-6450-488E-B837-887FFA25E251}.Release|ARM64.ActiveCfg = Release|x64
		{80A6094C-6450-488E-B837-887FFA25E251}.Release|ARM64.Build.0 = Release|x64
		{80A6094C-6450-488E-B837-887FFA25E251}.Release|x64.ActiveCfg = Release|x64
		{80A6094C-6450-488E-B837-887FFA25E251}.Release|x64.Build.0 = Release|x64
		{80A6094C-6450-488E-B837-887FFA25E251}.Release|x86.ActiveCfg = Release|Win32
		{80A6094C-6450-488E-B837-887FFA25E251}.Release|x86.Build.0 = Release|Win32
		{80A6094C-6450-488E-B837-887FFA25E251}.RelWithDebInfo|ARM.ActiveCfg = Release|x64
		{80A6094C-6450-488E-B837-887FFA25E251}.RelWithDebInfo|ARM.Build.0 = Release|x64
		{80A6094C-6450-488E-B837-887FFA25E251}.RelWithDebInfo|ARM64.ActiveCfg = Release|x64
		{80A6094C-6450-488E-B837-887FFA25E251}.RelWithDebInfo|ARM64.Build.0 = Release|x64
		{80A6094C-6450-488E-B837-887FFA25E251}.RelWithDebInfo|x64.ActiveCfg = Release|x64
		{80A6094C-6450-488E-B837-887FFA25E251}.RelWithDebInfo|x64.Build.0 = Release|x64
		{80A6094C-6450-488E-B837-887FFA25E251}.RelWithDebInfo|x86.ActiveCfg = Release|Win32
		{80A6094C-6450-488E-B837-887FFA25E251}.RelWithDebInfo|x86.Build.0 = Release|Win32
		{A57C1E89-281D-494A-881D-F3F7041F2FED}.Debug|ARM.ActiveCfg = Debug|x64
		{A57C1E89-281D-494A-881D-F3F7041F2FED}.Debug|ARM.Build.0 = Debug|x64
		{A57C1E89-281D-494A-881D-F3F7041F2FED}.Debug|ARM64.ActiveCfg = Debug|x64
		{A57C1E89-281D-494A-881D-F3F7041F2FED}.Debug|ARM64.Build.0 = Debug|x64
		{A57C1E89-281D-494A-881D-F3F7041F2FED}.Debug|x64.ActiveCfg = Debug|x64
		{A57C1E89-281D-494A-881D-F3F7041F2FED}.Debug|x64.Build.0 = Debug|x64
		{A57C1E89-281D-494A-881D-F3F7041F2FED}.Debug|x86.ActiveCfg = Debug|Win32
		{A57C1E89-281D-494A-881D-F3F7041F2FED}.Debug|x86.Build.0 = Debug|Win32
		{A57C1E89-281D-494A-881D-F3F7041F2FED}.MinSizeRel|ARM.ActiveCfg = Release|x64
		{A57C1E89-281D-494A-881D-F3F7041F2FED}.MinSizeRel|ARM.Build.0 = Release|x64
		{A57C1E89-281D-494A-881D-F3F7041F2FED}.MinSizeRel|ARM64.ActiveCfg = Release|x64
		{A57C1E89-281D-494A-881D-F3F7041F2FED}.MinSizeRel|ARM64.Build.0 = Release|x64
		{A57C1E89-281D-494A-881D-F3F7041F2FED}.MinSizeRel|x64.ActiveCfg = Debug|x64
		{A57C1E89-281D-494A-881D-F3F7041F2FED}.MinSizeRel|x64.Build.0 = Debug|x64
		{A57C1E89-281D-494A-881D-F3F7041F2FED}.MinSizeRel|x86.ActiveCfg = Debug|Win32
		{A57C1E89-281D-494A-881D-F3F7041F2FED}.MinSizeRel|x86.Build.0 = Debug|Win32
		{A57C1E89-281D-494A-881D-F3F7041F2FED}.Release|ARM.ActiveCfg = Release|x64
		{A57C1E89-281D-494A-881D-F3F7041F2FED}.Release|ARM.Build.0 = Release|x64
		{A57C1E89-281D-494A-881D-F3F7041F2FED}.Release|ARM64.ActiveCfg = Release|x64
		{A57C1E89-281D-494A-881D-F3F7041F2FED}.Release|ARM64.Build.0 = Release|x64
		{A57C1E89-281D-494A-881D-F3F7041F2FED}.Release|x64.ActiveCfg = Release|x64
		{A57C1E89-281D-494A-881D-F3F7041F2FED}.Release|x64.Build.0 = Release|x64
		{A57C1E89-281D-494A-881D-F3F7041F2FED}.Release|x86.ActiveCfg = Release|Win32
		{A57C1E89-281D-494A-881D-F3F7041F2FED}.Release|x86.Build.0 = Release|Win32
		{A57C1E89-281D-494A-881D-F3F7041F2FED}.RelWithDebInfo|ARM.ActiveCfg = Release|x64
		{A57C1E89-281D-494A-881D-F3F7041F2FED}.RelWithDebInfo|ARM.Build.0 = Release|x64
		{A57C1E89-281D-494A-881D-F3F7041F2FED}.RelWithDebInfo|ARM64.ActiveCfg = Release|x64
		{A57C1E89-281D-494A-881D-F3F7041F2FED}.RelWithDebInfo|ARM64.Build.0 = Release|x64
		{A57C1E89-281D-494A-881D-F3F7041F2FED}.RelWithDebInfo|x64.ActiveCfg = Release|x64
		{A57C1E89-281D-494A-881D-F3F7041F2FED}.RelWithDebInfo|x64.Build.0 = Release|x64
		{A57C1E89-281D-494A-881D-F3F7041F2FED}.RelWithDebInfo|x86.ActiveCfg = Release|Win32
		{A57C1E89-281D-494A-881D-F3F7041F2FED}.RelWithDebInfo|x86.Build.0 = Release|Win32
		{6DA732A6-3D76-4A51-A864-B0F703A7920D}.Debug|ARM.ActiveCfg = Debug|x64
		{6DA732A6-3D76-4A51-A864-B0F703A7920D}.Debug|ARM.Build.0 = Debug|x64
		{6DA732A6-3D76-4A51-A864-B0F703A7920D}.Debug|ARM64.ActiveCfg = Debug|x64
		{6DA732A6-3D76-4A51-A864-B0F703A7920D}.Debug|ARM64.Build.0 = Debug|x64
		{6DA732A6-3D76-4A51-A864-B0F703A7920D}.Debug|x64.ActiveCfg = Debug|x64
		{6DA732A6-3D76-4A51-A864-B0F703A7920D}.Debug|x64.Build.0 = Debug|x64
		{6DA732A6-3D76-4A51-A864-B0F703A7920D}.Debug|x86.ActiveCfg = Debug|Win32
		{6DA732A6-3D76-4A51-A864-B0F703A7920D}.Debug|x86.Build.0 = Debug|Win32
		{6DA732A6-3D76-4A51-A864-B0F703A7920D}.MinSizeRel|ARM.ActiveCfg = Release|x64
		{6DA732A6-3D76-4A51-A864-B0F703A7920D}.MinSizeRel|ARM.Build.0 = Release|x64
		{6DA732A6-3D76-4A51-A864-B0F703A7920D}.MinSizeRel|ARM64.ActiveCfg = Release|x64
		{6DA732A6-3D76-4A51-A864-B0F703A7920D}.MinSizeRel|ARM64.Build.0 = Release|x64
		{6DA732A6-3D76-4A51-A864-B0F703A7920D}.MinSizeRel|x64.ActiveCfg = Debug|x64
		{6DA732A6-3D76-4A51-A864-B0F703A7920D}.MinSizeRel|x64.Build.0 = Debug|x64
		{6DA732A6-3D76-4A51-A864-B0F703A7920D}.MinSizeRel|x86.ActiveCfg = Debug|Win32
		{6DA732A6-3D76-4A51-A864-B0F703A7920D}.MinSizeRel|x86.Build.0 = Debug|Win32
		{6DA732A6-3D76-4A51-A864-B0F703A7920D}.Release|ARM.ActiveCfg = Release|x64
		{6DA732A6-3D76-4A51-A864-B0F703A7920D}.Release|ARM.Build.0 = Release|x64
		{6DA732A6-3D76-4A51-A864-B0F703A7920D}.Release|ARM64.ActiveCfg = Release|x64
		{6DA732A6-3D76-4A51-A864-B0F703A7920D}.Release|ARM64.Build.0 = Release|x64
		{6DA732A6-3D76-4A51-A864-B0F703A7920D}.Release|x64.ActiveCfg = Release|x64
		{6DA732A6-3D76-4A51-A864-B0F703A7920D}.Release|x64.Build.0 = Release|x64
		{6DA732A6-3D76-4A51-A864-B0F703A7920D}.Release|x86.ActiveCfg = Release|Win32
		{6DA732A6-3D76-4A51-A864-B0F703A7920D}.Release|x86.Build.0 = Release|Win32
		{6DA732A6-3D76-4A51-A864-B0F703A7920D}.RelWithDebInfo|ARM.ActiveCfg = Release|x64
		{6DA732A6-3D76-4A51-A864-B0F703A7920D}.RelWithDebInfo|ARM.Build.0 = Release|x64
		{6DA732A6-3D76-4A51-A864-B0F703A7920D}.RelWithDebInfo|ARM64.ActiveCfg = Release|x64
		{6DA732A6-3D76-4A51-A864-B0F703A7920D}.RelWithDebInfo|ARM64.Build.0 = Release|x64
		{6DA732A6-3D76-4A51-A864-B0F703A7920D}.RelWithDebInfo|x64.ActiveCfg = Release|x64
		{6DA732A6-3D76-4A51-A864-B0F703A7920D}.RelWithDebInfo|x64.Build.0 = Release|x64
		{6DA732A6-3D76-4A51-A864-B0F703A7920D}.RelWithDebInfo|x86.ActiveCfg = Release|Win32
		{6DA732A6-3D76-4A51-A864-B0F703A7920D}.RelWithDebInfo|x86.Build.0 = Release|Win32
		{EE92BB02-E026-4AA1-B692-40663FFC175F}.Debug|ARM.ActiveCfg = Debug|x64
		{EE92BB02-E026-4AA1-B692-40663FFC175F}.Debug|ARM.Build.0 = Debug|x64
		{EE92BB02-E026-4AA1-B692-40663FFC175F}.Debug|ARM64.ActiveCfg = Debug|x64
		{EE92BB02-E026-4AA1-B692-40663FFC175F}.Debug|ARM64.Build.0 = Debug|x64
		{EE92BB02-E026-4AA1-B692-40663FFC175F}.Debug|x64.ActiveCfg = Debug|x64
		{EE92BB02-E026-4AA1-B692-40663FFC175F}.Debug|x64.Build.0 = Debug|x64
		{EE92BB02-E026-4AA1-B692-40663FFC175F}.Debug|x86.ActiveCfg = Debug|Win32
		{EE92BB02-E026-4AA1-B692-40663FFC175F}.Debug|x86.Build.0 = Debug|Win32
		{EE92BB02-E026-4AA1-B692-40663FFC175F}.MinSizeRel|ARM.ActiveCfg = Debug|x64
		{EE92BB02-E026-4AA1-B692-40663FFC175F}.MinSizeRel|ARM.Build.0 = Debug|x64
		{EE92BB02-E026-4AA1-B692-40663FFC175F}.MinSizeRel|ARM64.ActiveCfg = Debug|x64
		{EE92BB02-E026-4AA1-B692-40663FFC175F}.MinSizeRel|ARM64.Build.0 = Debug|x64
		{EE92BB02-E026-4AA1-B692-40663FFC175F}.MinSizeRel|x64.ActiveCfg = Debug|x64
		{EE92BB02-E026-4AA1-B692-40663FFC175F}.MinSizeRel|x64.Build.0 = Debug|x64
		{EE92BB02-E026-4AA1-B692-40663FFC175F}.MinSizeRel|x86.ActiveCfg = Debug|Win32
		{EE92BB02-E026-4AA1-B692-40663FFC175F}.MinSizeRel|x86.Build.0 = Debug|Win32
		{EE92BB02-E026-4AA1-B692-40663FFC175F}.Release|ARM.ActiveCfg = Release|x64
		{EE92BB02-E026-4AA1-B692-40663FFC175F}.Release|ARM.Build.0 = Release|x64
		{EE92BB02-E026-4AA1-B692-40663FFC175F}.Release|ARM64.ActiveCfg = Release|x64
		{EE92BB02-E026-4AA1-B692-40663FFC175F}.Release|ARM64.Build.0 = Release|x64
		{EE92BB02-E026-4AA1-B692-40663FFC175F}.Release|x64.ActiveCfg = Release|x64
		{EE92BB02-E026-4AA1-B692-40663FFC175F}.Release|x64.Build.0 = Release|x64
		{EE92BB02-E026-4AA1-B692-40663FFC175F}.Release|x86.ActiveCfg = Release|Win32
		{EE92BB02-E026-4AA1-B692-40663FFC175F}.Release|x86.Build.0 = Release|Win32
		{EE92BB02-E026-4AA1-B692-40663FFC175F}.RelWithDebInfo|ARM.ActiveCfg = Release|x64
		{EE92BB02-E026-4AA1-B692-40663FFC175F}.RelWithDebInfo|ARM.Build.0 = Release|x64
		{EE92BB02-E026-4AA1-B692-40663FFC175F}.RelWithDebInfo|ARM64.ActiveCfg = Release|x64
		{EE92BB02-E026-4AA1-B692-40663FFC175F}.RelWithDebInfo|ARM64.Build.0 = Release|x64
		{EE92BB02-E026-4AA1-B692-40663FFC175F}.RelWithDebInfo|x64.ActiveCfg = Release|x64
		{EE92BB02-E026-4AA1-B692-40663FFC175F}.RelWithDebInfo|x64.Build.0 = Release|x64
		{EE92BB02-E026-4AA1-B692-40663FFC175F}.RelWithDebInfo|x86.ActiveCfg = Release|Win32
		{EE92BB02-E026-4AA1-B692-40663FFC175F}.RelWithDebInfo|x86.Build.0 = Release|Win32
		{2AD6AC93-FFC6-4FB9-9E3F-DBB94407EEEC}.Debug|ARM.ActiveCfg = Debug|x64
		{2AD6AC93-FFC6-4FB9-9E3F-DBB94407EEEC}.Debug|ARM.Build.0 = Debug|x64
		{2AD6AC93-FFC6-4FB9-9E3F-DBB94407EEEC}.Debug|ARM64.ActiveCfg = Debug|x64
		{2AD6AC93-FFC6-4FB9-9E3F-DBB94407EEEC}.Debug|ARM64.Build.0 = Debug|x64
		{2AD6AC93-FFC6-4FB9-9E3F-DBB94407EEEC}.Debug|x64.ActiveCfg = Debug|x64
		{2AD6AC93-FFC6-4FB9-9E3F-DBB94407EEEC}.Debug|x64.Build.0 = Debug|x64
		{2AD6AC93-FFC6-4FB9-9E3F-DBB94407EEEC}.Debug|x86.ActiveCfg = Debug|Win32
		{2AD6AC93-FFC6-4FB9-9E3F-DBB94407EEEC}.Debug|x86.Build.0 = Debug|Win32
		{2AD6AC93-FFC6-4FB9-9E3F-DBB94407EEEC}.MinSizeRel|ARM.ActiveCfg = Debug|x64
		{2AD6AC93-FFC6-4FB9-9E3F-DBB94407EEEC}.MinSizeRel|ARM.Build.0 = Debug|x64
		{2AD6AC93-FFC6-4FB9-9E3F-DBB94407EEEC}.MinSizeRel|ARM64.ActiveCfg = Debug|x64
		{2AD6AC93-FFC6-4FB9-9E3F-DBB94407EEEC}.MinSizeRel|ARM64.Build.0 = Debug|x64
		{2AD6AC93-FFC6-4FB9-9E3F-DBB94407EEEC}.MinSizeRel|x64.ActiveCfg = Debug|x64
		{2AD6AC93-FFC6-4FB9-9E3F-DBB94407EEEC}.MinSizeRel|x64.Build.0 = Debug|x64
		{2AD6AC93-FFC6-4FB9-9E3F-DBB94407EEEC}.MinSizeRel|x86.ActiveCfg = Debug|Win32
		{2AD6AC93-FFC6-4FB9-9E3F-DBB94407EEEC}.MinSizeRel|x86.Build.0 = Debug|Win32
		{2AD6AC93-FFC6-4FB9-9E3F-DBB94407EEEC}.Release|ARM.ActiveCfg = Release|x64
		{2AD6AC93-FFC6-4FB9-9E3F-DBB94407EEEC}.Release|ARM.Build.0 = Release|x64
		{2AD6AC93-FFC6-4FB9-9E3F-DBB94407EEEC}.Release|ARM64.ActiveCfg = Release|x64
		{2AD6AC93-FFC6-4FB9-9E3F-DBB94407EEEC}.Release|ARM64.Build.0 = Release|x64
		{2AD6AC93-FFC6-4FB9-9E3F-DBB94407EEEC}.Release|x64.ActiveCfg = Release|x64
		{2AD6AC93-FFC6-4FB9-9E3F-DBB94407EEEC}.Release|x64.Build.0 = Release|x64
		{2AD6AC93-FFC6-4FB9-9E3F-DBB94407EEEC}.Release|x86.ActiveCfg = Release|Win32
		{2AD6AC93-FFC6-4FB9-9E3F-DBB94407EEEC}.Release|x86.Build.0 = Release|Win32
		{2AD6AC93-FFC6-4FB9-9E3F-DBB94407EEEC}.RelWithDebInfo|ARM.ActiveCfg = Release|x64
		{2AD6AC93-FFC6-4FB9-9E3F-DBB94407EEEC}.RelWithDebInfo|ARM.Build.0 = Release|x64
		{2AD6AC93-FFC6-4FB9-9E3F-DBB94407EEEC}.RelWithDebInfo|ARM64.ActiveCfg = Release|x64
		{2AD6AC93-FFC6-4FB9-9E3F-DBB94407EEEC}.RelWithDebInfo|ARM64.Build.0 = Release|x64
		{2AD6AC93-FFC6-4FB9-9E3F-DBB94407EEEC}.RelWithDebInfo|x64.ActiveCfg = Release|x64
		{2AD6AC93-FFC6-4FB9-9E3F-DBB94407EEEC}.RelWithDebInfo|x64.Build.0 = Release|x64
		{2AD6AC93-FFC6-4FB9-9E3F-DBB94407EEEC}.RelWithDebInfo|x86.ActiveCfg = Release|Win32
		{2AD6AC93-FFC6-4FB9-9E3F-DBB94407EEEC}.RelWithDebInfo|x86.Build.0 = Release|Win32
		{ECD8697C-5B27-4D76-BFE2-7B1B58BDD9A5}.Debug|ARM.ActiveCfg = Debug|x64
		{ECD8697C-5B27-4D76-BFE2-7B1B58BDD9A5}.Debug|ARM.Build.0 = Debug|x64
		{ECD8697C-5B27-4D76-BFE2-7B1B58BDD9A5}.Debug|ARM64.ActiveCfg = Debug|x64
		{ECD8697C-5B27-4D76-BFE2-7B1B58BDD9A5}.Debug|ARM64.Build.0 = Debug|x64
		{ECD8697C-5B27-4D76-BFE2-7B1B58BDD9A5}.Debug|x64.ActiveCfg = Debug|x64
		{ECD8697C-5B27-4D76-BFE2-7B1B58BDD9A5}.Debug|x64.Build.0 = Debug|x64
		{ECD8697C-5B27-4D76-BFE2-7B1B58BDD9A5}.Debug|x86.ActiveCfg = Debug|Win32
		{ECD8697C-5B27-4D76-BFE2-7B1B58BDD9A5}.Debug|x86.Build.0 = Debug|Win32
		{ECD8697C-5B27-4D76-BFE2-7B1B58BDD9A5}.MinSizeRel|ARM.ActiveCfg = Debug|x64
		{ECD8697C-5B27-4D76-BFE2-7B1B58BDD9A5}.MinSizeRel|ARM.Build.0 = Debug|x64
		{ECD8697C-5B27-4D76-BFE2-7B1B58BDD9A5}.MinSizeRel|ARM64.ActiveCfg = Debug|x64
		{ECD8697C-5B27-4D76-BFE2-7B1B58BDD9A5}.MinSizeRel|ARM64.Build.0 = Debug|x64
		{ECD8697C-5B27-4D76-BFE2-7B1B58BDD9A5}.MinSizeRel|x64.ActiveCfg = Debug|x64
		{ECD8697C-5B27-4D76-BFE2-7B1B58BDD9A5}.MinSizeRel|x64.Build.0 = Debug|x64
		{ECD8697C-5B27-4D76-BFE2-7B1B58BDD9A5}.MinSizeRel|x86.ActiveCfg = Debug|Win32
		{ECD8697C-5B27-4D76-BFE2-7B1B58BDD9A5}.MinSizeRel|x86.Build.0 = Debug|Win32
		{ECD8697C-5B27-4D76-BFE2-7B1B58BDD9A5}.Release|ARM.ActiveCfg = Release|x64
		{ECD8697C-5B27-4D76-BFE2-7B1B58BDD9A5}.Release|ARM.Build.0 = Release|x64
		{ECD8697C-5B27-4D76-BFE2-7B1B58BDD9A5}.Release|ARM64.ActiveCfg = Release|x64
		{ECD8697C-5B27-4D76-BFE2-7B1B58BDD9A5}.Release|ARM64.Build.0 = Release|x64
		{ECD8697C-5B27-4D76-BFE2-7B1B58BDD9A5}.Release|x64.ActiveCfg = Release|x64
		{ECD8697C-5B27-4D76-BFE2-7B1B58BDD9A5}.Release|x64.Build.0 = Release|x64
		{ECD8697C-5B27-4D76-BFE2-7B1B58BDD9A5}.Release|x86.ActiveCfg = Release|Win32
		{ECD8697C-5B27-4D76-BFE2-7B1B58BDD9A5}.Release|x86.Build.0 = Release|Win32
		{ECD8697C-5B27-4D76-BFE2-7B1B58BDD9A5}.RelWithDebInfo|ARM.ActiveCfg = Release|x64
		{ECD8697C-5B27-4D76-BFE2-7B1B58BDD9A5}.RelWithDebInfo|ARM.Build.0 = Release|x64
		{ECD8697C-5B27-4D76-BFE2-7B1B58BDD9A5}.RelWithDebInfo|ARM64.ActiveCfg = Release|x64
		{ECD8697C-5B27-4D76-BFE2-7B1B58BDD9A5}.RelWithDebInfo|ARM64.Build.0 = Release|x64
		{ECD8697C-5B27-4D76-BFE2-7B1B58BDD9A5}.RelWithDebInfo|x64.ActiveCfg = Release|x64
		{ECD8697C-5B27-4D76-BFE2-7B1B58BDD9A5}.RelWithDebInfo|x64.Build.0 = Release|x64
		{ECD8697C-5B27-4D76-BFE2-7B1B58BDD9A5}.RelWithDebInfo|x86.ActiveCfg = Release|Win32
		{ECD8697C-5B27-4D76-BFE2-7B1B58BDD9A5}.RelWithDebInfo|x86.Build.0 = Release|Win32
		{8A6E62A1-E44A-44F3-8463-6C02FD085812}.Debug|ARM.ActiveCfg = Debug|x64
		{8A6E62A1-E44A-44F3-8463-6C02FD085812}.Debug|ARM.Build.0 = Debug|x64
		{8A6E62A1-E44A-44F3-8463-6C02FD085812}.Debug|ARM64.ActiveCfg = Debug|x64
		{8A6E62A1-E44A-44F3-8463-6C02FD085812}.Debug|ARM64.Build.0 = Debug|x64
		{8A6E62A1-E44A-44F3-8463-6C02FD085812}.Debug|x64.ActiveCfg = Debug|x64
		{8A6E62A1-E44A-44F3-8463-6C02FD085812}.Debug|x64.Build.0 = Debug|x64
		{8A6E62A1-E44A-44F3-8463-6C02FD085812}.Debug|x86.ActiveCfg = Debug|Win32
		{8A6E62A1-E44A-44F3-8463-6C02FD085812}.Debug|x86.Build.0 = Debug|Win32
		{8A6E62A1-E44A-44F3-8463-6C02FD085812}.MinSizeRel|ARM.ActiveCfg = Debug|x64
		{8A6E62A1-E44A-44F3-8463-6C02FD085812}.MinSizeRel|ARM.Build.0 = Debug|x64
		{8A6E62A1-E44A-44F3-8463-6C02FD085812}.MinSizeRel|ARM64.ActiveCfg = Debug|x64
		{8A6E62A1-E44A-44F3-8463-6C02FD085812}.MinSizeRel|ARM64.Build.0 = Debug|x64
		{8A6E62A1-E44A-44F3-8463-6C02FD085812}.MinSizeRel|x64.ActiveCfg = Debug|x64
		{8A6E62A1-E44A-44F3-8463-6C02FD085812}.MinSizeRel|x64.Build.0 = Debug|x64
		{8A6E62A1-E44A-44F3-8463-6C02FD085812}.MinSizeRel|x86.ActiveCfg = Debug|Win32
		{8A6E62A1-E44A-44F3-8463-6C02FD085812}.MinSizeRel|x86.Build.0 = Debug|Win32
		{8A6E62A1-E44A-44F3-8463-6C02FD085812}.Release|ARM.ActiveCfg = Release|x64
		{8A6E62A1-E44A-44F3-8463-6C02FD085812}.Release|ARM.Build.0 = Release|x64
		{8A6E62A1-E44A-44F3-8463-6C02FD085812}.Release|ARM64.ActiveCfg = Release|x64
		{8A6E62A1-E44A-44F3-8463-6C02FD085812}.Release|ARM64.Build.0 = Release|x64
		{8A6E62A1-E44A-44F3-8463-6C02FD085812}.Release|x64.ActiveCfg = Release|x64
		{8A6E62A1-E44A-44F3-8463-6C02FD085812}.Release|x64.Build.0 = Release|x64
		{8A6E62A1-E44A-44F3-8463-6C02FD085812}.Release|x86.ActiveCfg = Release|Win32
		{8A6E62A1-E44A-44F3-8463-6C02FD085812}.Release|x86.Build.0 = Release|Win32
		{8A6E62A1-E44A-44F3-8463-6C02FD085812}.RelWithDebInfo|ARM.ActiveCfg = Release|x64
		{8A6E62A1-E44A-44F3-8463-6C02FD085812}.RelWithDebInfo|ARM.Build.0 = Release|x64
		{8A6E62A1-E44A-44F3-8463-6C02FD085812}.RelWithDebInfo|ARM64.ActiveCfg = Release|x64
		{8A6E62A1-E44A-44F3-8463-6C02FD085812}.RelWithDebInfo|ARM64.Build.0 = Release|x64
		{8A6E62A1-E44A-44F3-8463-6C02FD085812}.RelWithDebInfo|x64.ActiveCfg = Release|x64
		{8A6E62A1-E44A-44F3-8463-6C02FD085812}.RelWithDebInfo|x64.Build.0 = Release|x64
		{8A6E62A1-E44A-44F3-8463-6C02FD085812}.RelWithDebInfo|x86.ActiveCfg = Release|Win32
		{8A6E62A1-E44A-44F3-8463-6C02FD085812}.RelWithDebInfo|x86.Build.0 = Release|Win32
		{5B64E98C-5880-4C55-B6B6-37748D08C4B6}.Debug|ARM.ActiveCfg = Debug|ARM
		{5B64E98C-5880-4C55-B6B6-37748D08C4B6}.Debug|ARM.Build.0 = Debug|ARM
		{5B64E98C-5880-4C55-B6B6-37748D08C4B6}.Debug|ARM.Deploy.0 = Debug|ARM
		{5B64E98C-5880-4C55-B6B6-37748D08C4B6}.Debug|ARM64.ActiveCfg = Debug|ARM64
		{5B64E98C-5880-4C55-B6B6-37748D08C4B6}.Debug|ARM64.Build.0 = Debug|ARM64
		{5B64E98C-5880-4C55-B6B6-37748D08C4B6}.Debug|ARM64.Deploy.0 = Debug|ARM64
		{5B64E98C-5880-4C55-B6B6-37748D08C4B6}.Debug|x64.ActiveCfg = Debug|x64
		{5B64E98C-5880-4C55-B6B6-37748D08C4B6}.Debug|x64.Build.0 = Debug|x64
		{5B64E98C-5880-4C55-B6B6-37748D08C4B6}.Debug|x64.Deploy.0 = Debug|x64
		{5B64E98C-5880-4C55-B6B6-37748D08C4B6}.Debug|x86.ActiveCfg = Debug|x86
		{5B64E98C-5880-4C55-B6B6-37748D08C4B6}.Debug|x86.Build.0 = Debug|x86
		{5B64E98C-5880-4C55-B6B6-37748D08C4B6}.Debug|x86.Deploy.0 = Debug|x86
		{5B64E98C-5880-4C55-B6B6-37748D08C4B6}.MinSizeRel|ARM.ActiveCfg = Debug|ARM
		{5B64E98C-5880-4C55-B6B6-37748D08C4B6}.MinSizeRel|ARM.Build.0 = Debug|ARM
		{5B64E98C-5880-4C55-B6B6-37748D08C4B6}.MinSizeRel|ARM.Deploy.0 = Debug|ARM
		{5B64E98C-5880-4C55-B6B6-37748D08C4B6}.MinSizeRel|ARM64.ActiveCfg = Debug|ARM64
		{5B64E98C-5880-4C55-B6B6-37748D08C4B6}.MinSizeRel|ARM64.Build.0 = Debug|ARM64
		{5B64E98C-5880-4C55-B6B6-37748D08C4B6}.MinSizeRel|ARM64.Deploy.0 = Debug|ARM64
		{5B64E98C-5880-4C55-B6B6-37748D08C4B6}.MinSizeRel|x64.ActiveCfg = Debug|x64
		{5B64E98C-5880-4C55-B6B6-37748D08C4B6}.MinSizeRel|x64.Build.0 = Debug|x64
		{5B64E98C-5880-4C55-B6B6-37748D08C4B6}.MinSizeRel|x64.Deploy.0 = Debug|x64
		{5B64E98C-5880-4C55-B6B6-37748D08C4B6}.MinSizeRel|x86.ActiveCfg = Debug|x86
		{5B64E98C-5880-4C55-B6B6-37748D08C4B6}.MinSizeRel|x86.Build.0 = Debug|x86
		{5B64E98C-5880-4C55-B6B6-37748D08C4B6}.MinSizeRel|x86.Deploy.0 = Debug|x86
		{5B64E98C-5880-4C55-B6B6-37748D08C4B6}.Release|ARM.ActiveCfg = Release|ARM
		{5B64E98C-5880-4C55-B6B6-37748D08C4B6}.Release|ARM.Build.0 = Release|ARM
		{5B64E98C-5880-4C55-B6B6-37748D08C4B6}.Release|ARM.Deploy.0 = Release|ARM
		{5B64E98C-5880-4C55-B6B6-37748D08C4B6}.Release|ARM64.ActiveCfg = Release|ARM64
		{5B64E98C-5880-4C55-B6B6-37748D08C4B6}.Release|ARM64.Build.0 = Release|ARM64
		{5B64E98C-5880-4C55-B6B6-37748D08C4B6}.Release|ARM64.Deploy.0 = Release|ARM64
		{5B64E98C-5880-4C55-B6B6-37748D08C4B6}.Release|x64.ActiveCfg = Release|x64
		{5B64E98C-5880-4C55-B6B6-37748D08C4B6}.Release|x64.Build.0 = Release|x64
		{5B64E98C-5880-4C55-B6B6-37748D08C4B6}.Release|x64.Deploy.0 = Release|x64
		{5B64E98C-5880-4C55-B6B6-37748D08C4B6}.Release|x86.ActiveCfg = Release|x86
		{5B64E98C-5880-4C55-B6B6-37748D08C4B6}.Release|x86.Build.0 = Release|x86
		{5B64E98C-5880-4C55-B6B6-37748D08C4B6}.Release|x86.Deploy.0 = Release|x86
		{5B64E98C-5880-4C55-B6B6-37748D08C4B6}.RelWithDebInfo|ARM.ActiveCfg = Release|ARM
		{5B64E98C-5880-4C55-B6B6-37748D08C4B6}.RelWithDebInfo|ARM.Build.0 = Release|ARM
		{5B64E98C-5880-4C55-B6B6-37748D08C4B6}.RelWithDebInfo|ARM.Deploy.0 = Release|ARM
		{5B64E98C-5880-4C55-B6B6-37748D08C4B6}.RelWithDebInfo|ARM64.ActiveCfg = Release|ARM64
		{5B64E98C-5880-4C55-B6B6-37748D08C4B6}.RelWithDebInfo|ARM64.Build.0 = Release|ARM64
		{5B64E98C-5880-4C55-B6B6-37748D08C4B6}.RelWithDebInfo|ARM64.Deploy.0 = Release|ARM64
		{5B64E98C-5880-4C55-B6B6-37748D08C4B6}.RelWithDebInfo|x64.ActiveCfg = Release|x64
		{5B64E98C-5880-4C55-B6B6-37748D08C4B6}.RelWithDebInfo|x64.Build.0 = Release|x64
		{5B64E98C-5880-4C55-B6B6-37748D08C4B6}.RelWithDebInfo|x64.Deploy.0 = Release|x64
		{5B64E98C-5880-4C55-B6B6-37748D08C4B6}.RelWithDebInfo|x86.ActiveCfg = Release|x86
		{5B64E98C-5880-4C55-B6B6-37748D08C4B6}.RelWithDebInfo|x86.Build.0 = Release|x86
		{5B64E98C-5880-4C55-B6B6-37748D08C4B6}.RelWithDebInfo|x86.Deploy.0 = Release|x86
	EndGlobalSection
	GlobalSection(SolutionProperties) = preSolution
		HideSolutionNode = FALSE
	EndGlobalSection
	GlobalSection(ExtensibilityGlobals) = postSolution
		SolutionGuid = {EE853703-1FF2-401B-90C3-8345ECFDDEFE}
	EndGlobalSection
EndGlobal
