<?xml version="1.0" encoding="utf-8"?>
<Project ToolsVersion="4.0" xmlns="http://schemas.microsoft.com/developer/msbuild/2003">
  <ItemGroup>
    <Filter Include="源文件">
      <UniqueIdentifier>{4FC737F1-C7A5-4376-A066-2A32D752A2FF}</UniqueIdentifier>
      <Extensions>cpp;c;cc;cxx;c++;cppm;ixx;def;odl;idl;hpj;bat;asm;asmx</Extensions>
    </Filter>
    <Filter Include="头文件">
      <UniqueIdentifier>{93995380-89BD-4b04-88EB-625FBE52EBFB}</UniqueIdentifier>
      <Extensions>h;hh;hpp;hxx;h++;hm;inl;inc;ipp;xsd</Extensions>
    </Filter>
    <Filter Include="资源文件">
      <UniqueIdentifier>{67DA6AB6-F800-4c08-8B7A-83BB121AAD01}</UniqueIdentifier>
      <Extensions>rc;ico;cur;bmp;dlg;rc2;rct;bin;rgs;gif;jpg;jpeg;jpe;resx;tiff;tif;png;wav;mfcribbon-ms</Extensions>
    </Filter>
    <Filter Include="模块">
      <UniqueIdentifier>{3773e10a-6297-4339-a6d9-2202f4b590a0}</UniqueIdentifier>
    </Filter>
    <Filter Include="源文件\esp32">
      <UniqueIdentifier>{c068fb28-4a1f-4d57-a9e9-a327da7ac64e}</UniqueIdentifier>
    </Filter>
    <Filter Include="源文件\ov5640">
      <UniqueIdentifier>{f825bf5f-535a-4895-934b-f9f41fc6df34}</UniqueIdentifier>
    </Filter>
    <Filter Include="源文件\jy901b">
      <UniqueIdentifier>{f52df1d2-fa56-430f-8a04-b455805cd218}</UniqueIdentifier>
    </Filter>
  </ItemGroup>
  <ItemGroup>
    <ClInclude Include="ESP32\Register.h">
      <Filter>头文件</Filter>
    </ClInclude>
    <ClInclude Include="OV5640\mxc_vadc.h">
      <Filter>头文件</Filter>
    </ClInclude>
  </ItemGroup>
  <ItemGroup>
    <ClCompile Include="OV5640\ov5640.c">
      <Filter>源文件\ov5640</Filter>
    </ClCompile>
    <ClCompile Include="OV5640\ov5640_mipi.c">
      <Filter>源文件\ov5640</Filter>
    </ClCompile>
    <ClCompile Include="OV5640\mx6s_capture.c">
      <Filter>源文件\ov5640</Filter>
    </ClCompile>
    <ClCompile Include="OV5640\mxc_mipi_csi.c">
      <Filter>源文件\ov5640</Filter>
    </ClCompile>
    <ClCompile Include="OV5640\mxc_vadc.c">
      <Filter>源文件\ov5640</Filter>
    </ClCompile>
    <ClCompile Include="ESP32\esp32App.c">
      <Filter>源文件\esp32</Filter>
    </ClCompile>
    <ClCompile Include="ESP32\esp32.c">
      <Filter>源文件\esp32</Filter>
    </ClCompile>
    <ClCompile Include="JY901B\jy901b.c">
      <Filter>源文件\jy901b</Filter>
    </ClCompile>
  </ItemGroup>
  <ItemGroup>
    <None Include="OV5640\Makefile">
      <Filter>源文件\ov5640</Filter>
    </None>
    <None Include="ESP32\Makefile">
      <Filter>源文件\esp32</Filter>
    </None>
    <None Include="Makefile">
      <Filter>源文件</Filter>
    </None>
    <None Include="JY901B\Makefile">
      <Filter>源文件\jy901b</Filter>
    </None>
  </ItemGroup>
</Project>